
Microsoft Visual Studio Solution File, Format Version 12.00
# Visual Studio 2013
VisualStudioVersion = 12.0.40629.0
MinimumVisualStudioVersion = 10.0.40219.1
Project("{FAE04EC0-301F-11D3-BF4B-00C04F79EFBC}") = "Logging", "AppLogger\Logging.csproj", "{D4CB6544-8B6A-4441-B4D0-6422550F82E5}"
EndProject
Project("{FAE04EC0-301F-11D3-BF4B-00C04F79EFBC}") = "Configuration", "Configuration\Configuration.csproj", "{333AFA51-16FA-4D45-97B7-BEABA4792F9B}"
EndProject
Project("{FAE04EC0-301F-11D3-BF4B-00C04F79EFBC}") = "Clireader", "clireader\Clireader.csproj", "{25864DC2-41D3-4660-B707-2C426EE864B2}"
EndProject
Project("{FAE04EC0-301F-11D3-BF4B-00C04F79EFBC}") = "mailer", "..\Email Sender\mailer\mailer.csproj", "{9CB2AF09-7AFD-46F8-886C-4A0C1CB4394D}"
EndProject
Global
	GlobalSection(SolutionConfigurationPlatforms) = preSolution
		Debug|Any CPU = Debug|Any CPU
		Release|Any CPU = Release|Any CPU
	EndGlobalSection
	GlobalSection(ProjectConfigurationPlatforms) = postSolution
		{D4CB6544-8B6A-4441-B4D0-6422550F82E5}.Debug|Any CPU.ActiveCfg = Debug|Any CPU
		{D4CB6544-8B6A-4441-B4D0-6422550F82E5}.Debug|Any CPU.Build.0 = Debug|Any CPU
		{D4CB6544-8B6A-4441-B4D0-6422550F82E5}.Release|Any CPU.ActiveCfg = Release|Any CPU
		{D4CB6544-8B6A-4441-B4D0-6422550F82E5}.Release|Any CPU.Build.0 = Release|Any CPU
		{333AFA51-16FA-4D45-97B7-BEABA4792F9B}.Debug|Any CPU.ActiveCfg = Debug|Any CPU
		{333AFA51-16FA-4D45-97B7-BEABA4792F9B}.Debug|Any CPU.Build.0 = Debug|Any CPU
		{333AFA51-16FA-4D45-97B7-BEABA4792F9B}.Release|Any CPU.ActiveCfg = Release|Any CPU
		{333AFA51-16FA-4D45-97B7-BEABA4792F9B}.Release|Any CPU.Build.0 = Release|Any CPU
		{25864DC2-41D3-4660-B707-2C426EE864B2}.Debug|Any CPU.ActiveCfg = Debug|Any CPU
		{25864DC2-41D3-4660-B707-2C426EE864B2}.Debug|Any CPU.Build.0 = Debug|Any CPU
		{25864DC2-41D3-4660-B707-2C426EE864B2}.Release|Any CPU.ActiveCfg = Release|Any CPU
		{25864DC2-41D3-4660-B707-2C426EE864B2}.Release|Any CPU.Build.0 = Release|Any CPU
		{9CB2AF09-7AFD-46F8-886C-4A0C1CB4394D}.Debug|Any CPU.ActiveCfg = Debug|Any CPU
		{9CB2AF09-7AFD-46F8-886C-4A0C1CB4394D}.Debug|Any CPU.Build.0 = Debug|Any CPU
		{9CB2AF09-7AFD-46F8-886C-4A0C1CB4394D}.Release|Any CPU.ActiveCfg = Release|Any CPU
		{9CB2AF09-7AFD-46F8-886C-4A0C1CB4394D}.Release|Any CPU.Build.0 = Release|Any CPU
	EndGlobalSection
	GlobalSection(SolutionProperties) = preSolution
		HideSolutionNode = FALSE
	EndGlobalSection
EndGlobal
