
Microsoft Visual Studio Solution File, Format Version 12.00
# Visual Studio 14
VisualStudioVersion = 14.0.25420.1
MinimumVisualStudioVersion = 10.0.40219.1
Project("{FAE04EC0-301F-11D3-BF4B-00C04F79EFBC}") = "Logging", "AppLogger\Logging.csproj", "{D4CB6544-8B6A-4441-B4D0-6422550F82E5}"
EndProject
Project("{FAE04EC0-301F-11D3-BF4B-00C04F79EFBC}") = "Configuration", "Configuration\Configuration.csproj", "{333AFA51-16FA-4D45-97B7-BEABA4792F9B}"
EndProject
Project("{FAE04EC0-301F-11D3-BF4B-00C04F79EFBC}") = "Clireader", "clireader\Clireader.csproj", "{25864DC2-41D3-4660-B707-2C426EE864B2}"
EndProject
Project("{FAE04EC0-301F-11D3-BF4B-00C04F79EFBC}") = "Cryptography", "Cryptography\Cryptography.csproj", "{1CD41E18-C241-4F3E-A9D1-25249C818AB1}"
EndProject
Project("{FAE04EC0-301F-11D3-BF4B-00C04F79EFBC}") = "Templating", "Templating\Templating.csproj", "{8E470E33-AF03-46DA-A0E0-3C7806BA7CA2}"
EndProject
Project("{FAE04EC0-301F-11D3-BF4B-00C04F79EFBC}") = "Poc_signalR", "Poc_signalR\Poc_signalR.csproj", "{A275072A-CF58-4BEB-8682-DA26347D7C7B}"
EndProject
Project("{FAE04EC0-301F-11D3-BF4B-00C04F79EFBC}") = "YamlReader", "YamlReader\YamlReader.csproj", "{048EA23F-CEBD-4C8F-AA13-FF2DCF9A5F3E}"
EndProject
<<<<<<< HEAD
Project("{FAE04EC0-301F-11D3-BF4B-00C04F79EFBC}") = "Mailer", "Mailer\Mailer.csproj", "{3A3DC987-B470-41DC-BF28-8FCEBA64CC7E}"
EndProject
Project("{FAE04EC0-301F-11D3-BF4B-00C04F79EFBC}") = "DBReader_Oracle", "DBReader\DBReader_Oracle.csproj", "{EE4A03BC-7F6F-4E34-96F3-AC98CB9EC78F}"
EndProject
Project("{FAE04EC0-301F-11D3-BF4B-00C04F79EFBC}") = "DBReader_Modern", "DBReader_Modern\DBReader_Modern.csproj", "{50572B10-5E02-4CA4-92D1-3B2A6450D229}"
EndProject
Project("{FAE04EC0-301F-11D3-BF4B-00C04F79EFBC}") = "APDOPS_emscorrector", "APDOPS_emscorrector\APDOPS_emscorrector.csproj", "{8FD59795-BDFA-4B19-B048-121EC9575887}"
EndProject
Project("{FAE04EC0-301F-11D3-BF4B-00C04F79EFBC}") = "FileRenamer", "FileRenamer\FileRenamer.csproj", "{286CFD45-486A-4E03-B84D-F71E5876CFF4}"
EndProject
Project("{FAE04EC0-301F-11D3-BF4B-00C04F79EFBC}") = "AppWrapper", "AppWrapper\AppWrapper.csproj", "{63F5E86A-8385-4C73-ACB4-0F2FF98B7FA4}"
EndProject
Project("{FAE04EC0-301F-11D3-BF4B-00C04F79EFBC}") = "Throttle", "Throttle\Throttle.csproj", "{AAA4E49B-49B1-4F3E-A856-E42AEBDAE9E9}"
EndProject
Project("{FAE04EC0-301F-11D3-BF4B-00C04F79EFBC}") = "RestfulApi", "RestfulApi\RestfulApi.csproj", "{16CFB458-C710-49BC-835C-37C45BC709E4}"
Project("{FAE04EC0-301F-11D3-BF4B-00C04F79EFBC}") = "CoreAppDatabaseConnect", "CoreAppDatabaseConnect\CoreAppDatabaseConnect.csproj", "{2750EBA1-8320-4FC3-B236-F8FE29B4CC85}"
EndProject
Project("{FAE04EC0-301F-11D3-BF4B-00C04F79EFBC}") = "AdminCrud", "AdminCrud\AdminCrud.csproj", "{FB82C1CD-EE17-4E8A-9520-9D54FFF42D12}"
EndProject
Global
	GlobalSection(SolutionConfigurationPlatforms) = preSolution
		Debug|Any CPU = Debug|Any CPU
		Release|Any CPU = Release|Any CPU
	EndGlobalSection
	GlobalSection(ProjectConfigurationPlatforms) = postSolution
		{D4CB6544-8B6A-4441-B4D0-6422550F82E5}.Debug|Any CPU.ActiveCfg = Debug|Any CPU
		{D4CB6544-8B6A-4441-B4D0-6422550F82E5}.Debug|Any CPU.Build.0 = Debug|Any CPU
		{D4CB6544-8B6A-4441-B4D0-6422550F82E5}.Release|Any CPU.ActiveCfg = Release|Any CPU
		{D4CB6544-8B6A-4441-B4D0-6422550F82E5}.Release|Any CPU.Build.0 = Release|Any CPU
		{333AFA51-16FA-4D45-97B7-BEABA4792F9B}.Debug|Any CPU.ActiveCfg = Debug|Any CPU
		{333AFA51-16FA-4D45-97B7-BEABA4792F9B}.Debug|Any CPU.Build.0 = Debug|Any CPU
		{333AFA51-16FA-4D45-97B7-BEABA4792F9B}.Release|Any CPU.ActiveCfg = Release|Any CPU
		{333AFA51-16FA-4D45-97B7-BEABA4792F9B}.Release|Any CPU.Build.0 = Release|Any CPU
		{25864DC2-41D3-4660-B707-2C426EE864B2}.Debug|Any CPU.ActiveCfg = Debug|Any CPU
		{25864DC2-41D3-4660-B707-2C426EE864B2}.Debug|Any CPU.Build.0 = Debug|Any CPU
		{25864DC2-41D3-4660-B707-2C426EE864B2}.Release|Any CPU.ActiveCfg = Release|Any CPU
		{25864DC2-41D3-4660-B707-2C426EE864B2}.Release|Any CPU.Build.0 = Release|Any CPU
		{1CD41E18-C241-4F3E-A9D1-25249C818AB1}.Debug|Any CPU.ActiveCfg = Debug|Any CPU
		{1CD41E18-C241-4F3E-A9D1-25249C818AB1}.Debug|Any CPU.Build.0 = Debug|Any CPU
		{1CD41E18-C241-4F3E-A9D1-25249C818AB1}.Release|Any CPU.ActiveCfg = Release|Any CPU
		{1CD41E18-C241-4F3E-A9D1-25249C818AB1}.Release|Any CPU.Build.0 = Release|Any CPU
		{8E470E33-AF03-46DA-A0E0-3C7806BA7CA2}.Debug|Any CPU.ActiveCfg = Debug|Any CPU
		{8E470E33-AF03-46DA-A0E0-3C7806BA7CA2}.Debug|Any CPU.Build.0 = Debug|Any CPU
		{8E470E33-AF03-46DA-A0E0-3C7806BA7CA2}.Release|Any CPU.ActiveCfg = Release|Any CPU
		{8E470E33-AF03-46DA-A0E0-3C7806BA7CA2}.Release|Any CPU.Build.0 = Release|Any CPU
		{A275072A-CF58-4BEB-8682-DA26347D7C7B}.Debug|Any CPU.ActiveCfg = Debug|Any CPU
		{A275072A-CF58-4BEB-8682-DA26347D7C7B}.Debug|Any CPU.Build.0 = Debug|Any CPU
		{A275072A-CF58-4BEB-8682-DA26347D7C7B}.Release|Any CPU.ActiveCfg = Release|Any CPU
		{A275072A-CF58-4BEB-8682-DA26347D7C7B}.Release|Any CPU.Build.0 = Release|Any CPU
		{048EA23F-CEBD-4C8F-AA13-FF2DCF9A5F3E}.Debug|Any CPU.ActiveCfg = Debug|Any CPU
		{048EA23F-CEBD-4C8F-AA13-FF2DCF9A5F3E}.Debug|Any CPU.Build.0 = Debug|Any CPU
		{048EA23F-CEBD-4C8F-AA13-FF2DCF9A5F3E}.Release|Any CPU.ActiveCfg = Release|Any CPU
		{048EA23F-CEBD-4C8F-AA13-FF2DCF9A5F3E}.Release|Any CPU.Build.0 = Release|Any CPU
		{3A3DC987-B470-41DC-BF28-8FCEBA64CC7E}.Debug|Any CPU.ActiveCfg = Debug|Any CPU
		{3A3DC987-B470-41DC-BF28-8FCEBA64CC7E}.Debug|Any CPU.Build.0 = Debug|Any CPU
		{3A3DC987-B470-41DC-BF28-8FCEBA64CC7E}.Release|Any CPU.ActiveCfg = Release|Any CPU
		{3A3DC987-B470-41DC-BF28-8FCEBA64CC7E}.Release|Any CPU.Build.0 = Release|Any CPU
		{EE4A03BC-7F6F-4E34-96F3-AC98CB9EC78F}.Debug|Any CPU.ActiveCfg = Debug|Any CPU
		{EE4A03BC-7F6F-4E34-96F3-AC98CB9EC78F}.Debug|Any CPU.Build.0 = Debug|Any CPU
		{EE4A03BC-7F6F-4E34-96F3-AC98CB9EC78F}.Release|Any CPU.ActiveCfg = Release|Any CPU
		{EE4A03BC-7F6F-4E34-96F3-AC98CB9EC78F}.Release|Any CPU.Build.0 = Release|Any CPU
		{50572B10-5E02-4CA4-92D1-3B2A6450D229}.Debug|Any CPU.ActiveCfg = Debug|Any CPU
		{50572B10-5E02-4CA4-92D1-3B2A6450D229}.Debug|Any CPU.Build.0 = Debug|Any CPU
		{50572B10-5E02-4CA4-92D1-3B2A6450D229}.Release|Any CPU.ActiveCfg = Release|Any CPU
		{50572B10-5E02-4CA4-92D1-3B2A6450D229}.Release|Any CPU.Build.0 = Release|Any CPU
		{8FD59795-BDFA-4B19-B048-121EC9575887}.Debug|Any CPU.ActiveCfg = Debug|Any CPU
		{8FD59795-BDFA-4B19-B048-121EC9575887}.Debug|Any CPU.Build.0 = Debug|Any CPU
		{8FD59795-BDFA-4B19-B048-121EC9575887}.Release|Any CPU.ActiveCfg = Release|Any CPU
		{8FD59795-BDFA-4B19-B048-121EC9575887}.Release|Any CPU.Build.0 = Release|Any CPU
		{286CFD45-486A-4E03-B84D-F71E5876CFF4}.Debug|Any CPU.ActiveCfg = Debug|Any CPU
		{286CFD45-486A-4E03-B84D-F71E5876CFF4}.Debug|Any CPU.Build.0 = Debug|Any CPU
		{286CFD45-486A-4E03-B84D-F71E5876CFF4}.Release|Any CPU.ActiveCfg = Release|Any CPU
		{286CFD45-486A-4E03-B84D-F71E5876CFF4}.Release|Any CPU.Build.0 = Release|Any CPU
		{63F5E86A-8385-4C73-ACB4-0F2FF98B7FA4}.Debug|Any CPU.ActiveCfg = Debug|Any CPU
		{63F5E86A-8385-4C73-ACB4-0F2FF98B7FA4}.Debug|Any CPU.Build.0 = Debug|Any CPU
		{63F5E86A-8385-4C73-ACB4-0F2FF98B7FA4}.Release|Any CPU.ActiveCfg = Release|Any CPU
		{63F5E86A-8385-4C73-ACB4-0F2FF98B7FA4}.Release|Any CPU.Build.0 = Release|Any CPU
		{AAA4E49B-49B1-4F3E-A856-E42AEBDAE9E9}.Debug|Any CPU.ActiveCfg = Debug|Any CPU
		{AAA4E49B-49B1-4F3E-A856-E42AEBDAE9E9}.Debug|Any CPU.Build.0 = Debug|Any CPU
		{AAA4E49B-49B1-4F3E-A856-E42AEBDAE9E9}.Release|Any CPU.ActiveCfg = Release|Any CPU
		{AAA4E49B-49B1-4F3E-A856-E42AEBDAE9E9}.Release|Any CPU.Build.0 = Release|Any CPU
		{16CFB458-C710-49BC-835C-37C45BC709E4}.Debug|Any CPU.ActiveCfg = Debug|Any CPU
		{16CFB458-C710-49BC-835C-37C45BC709E4}.Debug|Any CPU.Build.0 = Debug|Any CPU
		{16CFB458-C710-49BC-835C-37C45BC709E4}.Release|Any CPU.ActiveCfg = Release|Any CPU
		{16CFB458-C710-49BC-835C-37C45BC709E4}.Release|Any CPU.Build.0 = Release|Any CPU
		{2750EBA1-8320-4FC3-B236-F8FE29B4CC85}.Debug|Any CPU.ActiveCfg = Debug|Any CPU
		{2750EBA1-8320-4FC3-B236-F8FE29B4CC85}.Debug|Any CPU.Build.0 = Debug|Any CPU
		{2750EBA1-8320-4FC3-B236-F8FE29B4CC85}.Release|Any CPU.ActiveCfg = Release|Any CPU
		{2750EBA1-8320-4FC3-B236-F8FE29B4CC85}.Release|Any CPU.Build.0 = Release|Any CPU
		{FB82C1CD-EE17-4E8A-9520-9D54FFF42D12}.Debug|Any CPU.ActiveCfg = Debug|Any CPU
		{FB82C1CD-EE17-4E8A-9520-9D54FFF42D12}.Debug|Any CPU.Build.0 = Debug|Any CPU
		{FB82C1CD-EE17-4E8A-9520-9D54FFF42D12}.Release|Any CPU.ActiveCfg = Release|Any CPU
		{FB82C1CD-EE17-4E8A-9520-9D54FFF42D12}.Release|Any CPU.Build.0 = Release|Any CPU
	EndGlobalSection
	GlobalSection(SolutionProperties) = preSolution
		HideSolutionNode = FALSE
	EndGlobalSection
	GlobalSection(ExtensibilityGlobals) = postSolution
		SolutionGuid = {3287BCE1-436D-4A5F-8B40-2C32A52C353D}
	EndGlobalSection
EndGlobal
