
Microsoft Visual Studio Solution File, Format Version 12.00
# Visual Studio 15
VisualStudioVersion = 15.0.27130.2010
MinimumVisualStudioVersion = 10.0.40219.1
Project("{FAE04EC0-301F-11D3-BF4B-00C04F79EFBC}") = "Logging", "AppLogger\Logging.csproj", "{D4CB6544-8B6A-4441-B4D0-6422550F82E5}"
EndProject
Project("{FAE04EC0-301F-11D3-BF4B-00C04F79EFBC}") = "Configuration", "Configuration\Configuration.csproj", "{333AFA51-16FA-4D45-97B7-BEABA4792F9B}"
EndProject
Project("{FAE04EC0-301F-11D3-BF4B-00C04F79EFBC}") = "Clireader", "clireader\Clireader.csproj", "{25864DC2-41D3-4660-B707-2C426EE864B2}"
EndProject
Project("{FAE04EC0-301F-11D3-BF4B-00C04F79EFBC}") = "Cryptography", "Cryptography\Cryptography.csproj", "{1CD41E18-C241-4F3E-A9D1-25249C818AB1}"
EndProject
Project("{FAE04EC0-301F-11D3-BF4B-00C04F79EFBC}") = "Templating", "Templating\Templating.csproj", "{8E470E33-AF03-46DA-A0E0-3C7806BA7CA2}"
EndProject
Project("{FAE04EC0-301F-11D3-BF4B-00C04F79EFBC}") = "Poc_signalR", "Poc_signalR\Poc_signalR.csproj", "{A275072A-CF58-4BEB-8682-DA26347D7C7B}"
EndProject
Project("{FAE04EC0-301F-11D3-BF4B-00C04F79EFBC}") = "YamlReader", "YamlReader\YamlReader.csproj", "{048EA23F-CEBD-4C8F-AA13-FF2DCF9A5F3E}"
EndProject
Project("{FAE04EC0-301F-11D3-BF4B-00C04F79EFBC}") = "CoreAppDatabaseConnect", "CoreAppDatabaseConnect\CoreAppDatabaseConnect.csproj", "{2750EBA1-8320-4FC3-B236-F8FE29B4CC85}"
EndProject
Project("{FAE04EC0-301F-11D3-BF4B-00C04F79EFBC}") = "AdminCrud", "AdminCrud\AdminCrud.csproj", "{FB82C1CD-EE17-4E8A-9520-9D54FFF42D12}"
EndProject
Global
	GlobalSection(SolutionConfigurationPlatforms) = preSolution
		Debug|Any CPU = Debug|Any CPU
		Release|Any CPU = Release|Any CPU
	EndGlobalSection
	GlobalSection(ProjectConfigurationPlatforms) = postSolution
		{D4CB6544-8B6A-4441-B4D0-6422550F82E5}.Debug|Any CPU.ActiveCfg = Debug|Any CPU
		{D4CB6544-8B6A-4441-B4D0-6422550F82E5}.Debug|Any CPU.Build.0 = Debug|Any CPU
		{D4CB6544-8B6A-4441-B4D0-6422550F82E5}.Release|Any CPU.ActiveCfg = Release|Any CPU
		{D4CB6544-8B6A-4441-B4D0-6422550F82E5}.Release|Any CPU.Build.0 = Release|Any CPU
		{333AFA51-16FA-4D45-97B7-BEABA4792F9B}.Debug|Any CPU.ActiveCfg = Debug|Any CPU
		{333AFA51-16FA-4D45-97B7-BEABA4792F9B}.Debug|Any CPU.Build.0 = Debug|Any CPU
		{333AFA51-16FA-4D45-97B7-BEABA4792F9B}.Release|Any CPU.ActiveCfg = Release|Any CPU
		{333AFA51-16FA-4D45-97B7-BEABA4792F9B}.Release|Any CPU.Build.0 = Release|Any CPU
		{25864DC2-41D3-4660-B707-2C426EE864B2}.Debug|Any CPU.ActiveCfg = Debug|Any CPU
		{25864DC2-41D3-4660-B707-2C426EE864B2}.Debug|Any CPU.Build.0 = Debug|Any CPU
		{25864DC2-41D3-4660-B707-2C426EE864B2}.Release|Any CPU.ActiveCfg = Release|Any CPU
		{25864DC2-41D3-4660-B707-2C426EE864B2}.Release|Any CPU.Build.0 = Release|Any CPU
		{1CD41E18-C241-4F3E-A9D1-25249C818AB1}.Debug|Any CPU.ActiveCfg = Debug|Any CPU
		{1CD41E18-C241-4F3E-A9D1-25249C818AB1}.Debug|Any CPU.Build.0 = Debug|Any CPU
		{1CD41E18-C241-4F3E-A9D1-25249C818AB1}.Release|Any CPU.ActiveCfg = Release|Any CPU
		{1CD41E18-C241-4F3E-A9D1-25249C818AB1}.Release|Any CPU.Build.0 = Release|Any CPU
		{8E470E33-AF03-46DA-A0E0-3C7806BA7CA2}.Debug|Any CPU.ActiveCfg = Debug|Any CPU
		{8E470E33-AF03-46DA-A0E0-3C7806BA7CA2}.Debug|Any CPU.Build.0 = Debug|Any CPU
		{8E470E33-AF03-46DA-A0E0-3C7806BA7CA2}.Release|Any CPU.ActiveCfg = Release|Any CPU
		{8E470E33-AF03-46DA-A0E0-3C7806BA7CA2}.Release|Any CPU.Build.0 = Release|Any CPU
		{A275072A-CF58-4BEB-8682-DA26347D7C7B}.Debug|Any CPU.ActiveCfg = Debug|Any CPU
		{A275072A-CF58-4BEB-8682-DA26347D7C7B}.Debug|Any CPU.Build.0 = Debug|Any CPU
		{A275072A-CF58-4BEB-8682-DA26347D7C7B}.Release|Any CPU.ActiveCfg = Release|Any CPU
		{A275072A-CF58-4BEB-8682-DA26347D7C7B}.Release|Any CPU.Build.0 = Release|Any CPU
		{048EA23F-CEBD-4C8F-AA13-FF2DCF9A5F3E}.Debug|Any CPU.ActiveCfg = Debug|Any CPU
		{048EA23F-CEBD-4C8F-AA13-FF2DCF9A5F3E}.Debug|Any CPU.Build.0 = Debug|Any CPU
		{048EA23F-CEBD-4C8F-AA13-FF2DCF9A5F3E}.Release|Any CPU.ActiveCfg = Release|Any CPU
		{048EA23F-CEBD-4C8F-AA13-FF2DCF9A5F3E}.Release|Any CPU.Build.0 = Release|Any CPU
		{2750EBA1-8320-4FC3-B236-F8FE29B4CC85}.Debug|Any CPU.ActiveCfg = Debug|Any CPU
		{2750EBA1-8320-4FC3-B236-F8FE29B4CC85}.Debug|Any CPU.Build.0 = Debug|Any CPU
		{2750EBA1-8320-4FC3-B236-F8FE29B4CC85}.Release|Any CPU.ActiveCfg = Release|Any CPU
		{2750EBA1-8320-4FC3-B236-F8FE29B4CC85}.Release|Any CPU.Build.0 = Release|Any CPU
		{FB82C1CD-EE17-4E8A-9520-9D54FFF42D12}.Debug|Any CPU.ActiveCfg = Debug|Any CPU
		{FB82C1CD-EE17-4E8A-9520-9D54FFF42D12}.Debug|Any CPU.Build.0 = Debug|Any CPU
		{FB82C1CD-EE17-4E8A-9520-9D54FFF42D12}.Release|Any CPU.ActiveCfg = Release|Any CPU
		{FB82C1CD-EE17-4E8A-9520-9D54FFF42D12}.Release|Any CPU.Build.0 = Release|Any CPU
	EndGlobalSection
	GlobalSection(SolutionProperties) = preSolution
		HideSolutionNode = FALSE
	EndGlobalSection
	GlobalSection(ExtensibilityGlobals) = postSolution
		SolutionGuid = {3287BCE1-436D-4A5F-8B40-2C32A52C353D}
	EndGlobalSection
EndGlobal
